
Microsoft Visual Studio Solution File, Format Version 12.00
# Visual Studio 14
VisualStudioVersion = 14.0.25123.0
MinimumVisualStudioVersion = 10.0.40219.1
Project("{8BC9CEB8-8B4A-11D0-8D11-00A0C91BC942}") = "MozziTestEAC", "..\MozziTestEAC\MozziTestEAC.vcxproj", "{9833D5A9-30D1-41D1-963C-9A7876455FA3}"
EndProject
Project("{8BC9CEB8-8B4A-11D0-8D11-00A0C91BC942}") = "Control_Oscil_Wash", "examples\02.Control\Control_Oscil_Wash\Control_Oscil_Wash.vcxproj", "{6CD9A1BE-1A41-44F4-8FB5-78B51F6A66AD}"
EndProject
Project("{8BC9CEB8-8B4A-11D0-8D11-00A0C91BC942}") = "AMsynth_HIFI", "examples\06.Synthesis\AMsynth_HIFI\AMsynth_HIFI.vcxproj", "{AE1040EC-5C5A-46C2-9F43-192407EA35C9}"
EndProject
Project("{2150E333-8FDC-42A3-9474-1A3956D46DE8}") = "Solution Items", "Solution Items", "{0FDC86FD-F3E3-493A-8BD3-A822E20A26D1}"
	ProjectSection(SolutionItems) = preProject
		MozziGuts.cpp = MozziGuts.cpp
		MozziGuts.h = MozziGuts.h
	EndProjectSection
EndProject
Project("{8BC9CEB8-8B4A-11D0-8D11-00A0C91BC942}") = "FMsynth", "examples\06.Synthesis\FMsynth\FMsynth.vcxproj", "{436468F7-2483-4497-AD29-AAE30149AC6D}"
EndProject
Project("{8BC9CEB8-8B4A-11D0-8D11-00A0C91BC942}") = "Control_Echo_Theremin", "examples\02.Control\Control_Echo_Theremin\Control_Echo_Theremin.vcxproj", "{F99FB98E-D472-41C7-9B70-62B893524252}"
EndProject
Project("{8BC9CEB8-8B4A-11D0-8D11-00A0C91BC942}") = "Knob_LightLevel_x2_FMsynth", "examples\03.Sensors\Knob_LightLevel_x2_FMsynth\Knob_LightLevel_x2_FMsynth.vcxproj", "{10D41172-7E92-4D64-B7FE-DA2771306732}"
EndProject
Project("{8BC9CEB8-8B4A-11D0-8D11-00A0C91BC942}") = "Audio_Input_with_Knob_Filter", "examples\04.Audio_Input\Audio_Input_with_Knob_Filter\Audio_Input_with_Knob_Filter.vcxproj", "{379659A7-16A9-43E1-ACF2-64A41708464A}"
EndProject
Project("{8BC9CEB8-8B4A-11D0-8D11-00A0C91BC942}") = "Wavetable_Swap", "examples\08.Samples\Wavetable_Swap\Wavetable_Swap.vcxproj", "{88A8EAD0-8FB1-460F-8E00-5DB9028D4F4E}"
EndProject
Project("{8BC9CEB8-8B4A-11D0-8D11-00A0C91BC942}") = "AudioDelayFeedbackX2", "examples\09.Delays\AudioDelayFeedbackX2\AudioDelayFeedbackX2.vcxproj", "{43EF1CC5-AD4B-4726-8BE0-A6B26D9FEFDE}"
EndProject
Project("{8BC9CEB8-8B4A-11D0-8D11-00A0C91BC942}") = "Sample_Scrub", "examples\08.Samples\Sample_Scrub\Sample_Scrub.vcxproj", "{5FECA318-22AF-42E3-B92E-901EB975A02B}"
EndProject
Project("{8BC9CEB8-8B4A-11D0-8D11-00A0C91BC942}") = "Samples", "examples\08.Samples\Samples\Samples.vcxproj", "{94A8C7FE-A400-4BAF-89DD-4B1615A6FA3E}"
EndProject
Project("{8BC9CEB8-8B4A-11D0-8D11-00A0C91BC942}") = "Samples_Tables_Arrays", "examples\08.Samples\Samples_Tables_Arrays\Samples_Tables_Arrays.vcxproj", "{04746F90-A5FD-4E5A-8425-BC8C60E9FE50}"
EndProject
Global
	GlobalSection(SolutionConfigurationPlatforms) = preSolution
		Debug|x64 = Debug|x64
		Debug|x86 = Debug|x86
		Release|x64 = Release|x64
		Release|x86 = Release|x86
	EndGlobalSection
	GlobalSection(ProjectConfigurationPlatforms) = postSolution
		{9833D5A9-30D1-41D1-963C-9A7876455FA3}.Debug|x64.ActiveCfg = Debug|x64
		{9833D5A9-30D1-41D1-963C-9A7876455FA3}.Debug|x64.Build.0 = Debug|x64
		{9833D5A9-30D1-41D1-963C-9A7876455FA3}.Debug|x86.ActiveCfg = Debug|Win32
		{9833D5A9-30D1-41D1-963C-9A7876455FA3}.Debug|x86.Build.0 = Debug|Win32
		{9833D5A9-30D1-41D1-963C-9A7876455FA3}.Release|x64.ActiveCfg = Release|x64
		{9833D5A9-30D1-41D1-963C-9A7876455FA3}.Release|x64.Build.0 = Release|x64
		{9833D5A9-30D1-41D1-963C-9A7876455FA3}.Release|x86.ActiveCfg = Release|Win32
		{9833D5A9-30D1-41D1-963C-9A7876455FA3}.Release|x86.Build.0 = Release|Win32
		{6CD9A1BE-1A41-44F4-8FB5-78B51F6A66AD}.Debug|x64.ActiveCfg = Debug|x64
		{6CD9A1BE-1A41-44F4-8FB5-78B51F6A66AD}.Debug|x64.Build.0 = Debug|x64
		{6CD9A1BE-1A41-44F4-8FB5-78B51F6A66AD}.Debug|x86.ActiveCfg = Debug|Win32
		{6CD9A1BE-1A41-44F4-8FB5-78B51F6A66AD}.Debug|x86.Build.0 = Debug|Win32
		{6CD9A1BE-1A41-44F4-8FB5-78B51F6A66AD}.Release|x64.ActiveCfg = Release|x64
		{6CD9A1BE-1A41-44F4-8FB5-78B51F6A66AD}.Release|x64.Build.0 = Release|x64
		{6CD9A1BE-1A41-44F4-8FB5-78B51F6A66AD}.Release|x86.ActiveCfg = Release|Win32
		{6CD9A1BE-1A41-44F4-8FB5-78B51F6A66AD}.Release|x86.Build.0 = Release|Win32
		{AE1040EC-5C5A-46C2-9F43-192407EA35C9}.Debug|x64.ActiveCfg = Debug|x64
		{AE1040EC-5C5A-46C2-9F43-192407EA35C9}.Debug|x64.Build.0 = Debug|x64
		{AE1040EC-5C5A-46C2-9F43-192407EA35C9}.Debug|x86.ActiveCfg = Debug|Win32
		{AE1040EC-5C5A-46C2-9F43-192407EA35C9}.Debug|x86.Build.0 = Debug|Win32
		{AE1040EC-5C5A-46C2-9F43-192407EA35C9}.Release|x64.ActiveCfg = Release|x64
		{AE1040EC-5C5A-46C2-9F43-192407EA35C9}.Release|x64.Build.0 = Release|x64
		{AE1040EC-5C5A-46C2-9F43-192407EA35C9}.Release|x86.ActiveCfg = Release|Win32
		{AE1040EC-5C5A-46C2-9F43-192407EA35C9}.Release|x86.Build.0 = Release|Win32
		{436468F7-2483-4497-AD29-AAE30149AC6D}.Debug|x64.ActiveCfg = Debug|x64
		{436468F7-2483-4497-AD29-AAE30149AC6D}.Debug|x64.Build.0 = Debug|x64
		{436468F7-2483-4497-AD29-AAE30149AC6D}.Debug|x86.ActiveCfg = Debug|Win32
		{436468F7-2483-4497-AD29-AAE30149AC6D}.Debug|x86.Build.0 = Debug|Win32
		{436468F7-2483-4497-AD29-AAE30149AC6D}.Release|x64.ActiveCfg = Release|x64
		{436468F7-2483-4497-AD29-AAE30149AC6D}.Release|x64.Build.0 = Release|x64
		{436468F7-2483-4497-AD29-AAE30149AC6D}.Release|x86.ActiveCfg = Release|Win32
		{436468F7-2483-4497-AD29-AAE30149AC6D}.Release|x86.Build.0 = Release|Win32
		{F99FB98E-D472-41C7-9B70-62B893524252}.Debug|x64.ActiveCfg = Debug|x64
		{F99FB98E-D472-41C7-9B70-62B893524252}.Debug|x64.Build.0 = Debug|x64
		{F99FB98E-D472-41C7-9B70-62B893524252}.Debug|x86.ActiveCfg = Debug|Win32
		{F99FB98E-D472-41C7-9B70-62B893524252}.Debug|x86.Build.0 = Debug|Win32
		{F99FB98E-D472-41C7-9B70-62B893524252}.Release|x64.ActiveCfg = Release|x64
		{F99FB98E-D472-41C7-9B70-62B893524252}.Release|x64.Build.0 = Release|x64
		{F99FB98E-D472-41C7-9B70-62B893524252}.Release|x86.ActiveCfg = Release|Win32
		{F99FB98E-D472-41C7-9B70-62B893524252}.Release|x86.Build.0 = Release|Win32
		{10D41172-7E92-4D64-B7FE-DA2771306732}.Debug|x64.ActiveCfg = Debug|x64
		{10D41172-7E92-4D64-B7FE-DA2771306732}.Debug|x64.Build.0 = Debug|x64
		{10D41172-7E92-4D64-B7FE-DA2771306732}.Debug|x86.ActiveCfg = Debug|Win32
		{10D41172-7E92-4D64-B7FE-DA2771306732}.Debug|x86.Build.0 = Debug|Win32
		{10D41172-7E92-4D64-B7FE-DA2771306732}.Release|x64.ActiveCfg = Release|x64
		{10D41172-7E92-4D64-B7FE-DA2771306732}.Release|x64.Build.0 = Release|x64
		{10D41172-7E92-4D64-B7FE-DA2771306732}.Release|x86.ActiveCfg = Release|Win32
		{10D41172-7E92-4D64-B7FE-DA2771306732}.Release|x86.Build.0 = Release|Win32
		{379659A7-16A9-43E1-ACF2-64A41708464A}.Debug|x64.ActiveCfg = Debug|x64
		{379659A7-16A9-43E1-ACF2-64A41708464A}.Debug|x64.Build.0 = Debug|x64
		{379659A7-16A9-43E1-ACF2-64A41708464A}.Debug|x86.ActiveCfg = Debug|Win32
		{379659A7-16A9-43E1-ACF2-64A41708464A}.Debug|x86.Build.0 = Debug|Win32
		{379659A7-16A9-43E1-ACF2-64A41708464A}.Release|x64.ActiveCfg = Release|x64
		{379659A7-16A9-43E1-ACF2-64A41708464A}.Release|x64.Build.0 = Release|x64
		{379659A7-16A9-43E1-ACF2-64A41708464A}.Release|x86.ActiveCfg = Release|Win32
		{379659A7-16A9-43E1-ACF2-64A41708464A}.Release|x86.Build.0 = Release|Win32
		{88A8EAD0-8FB1-460F-8E00-5DB9028D4F4E}.Debug|x64.ActiveCfg = Debug|x64
		{88A8EAD0-8FB1-460F-8E00-5DB9028D4F4E}.Debug|x64.Build.0 = Debug|x64
		{88A8EAD0-8FB1-460F-8E00-5DB9028D4F4E}.Debug|x86.ActiveCfg = Debug|Win32
		{88A8EAD0-8FB1-460F-8E00-5DB9028D4F4E}.Debug|x86.Build.0 = Debug|Win32
		{88A8EAD0-8FB1-460F-8E00-5DB9028D4F4E}.Release|x64.ActiveCfg = Release|x64
		{88A8EAD0-8FB1-460F-8E00-5DB9028D4F4E}.Release|x64.Build.0 = Release|x64
		{88A8EAD0-8FB1-460F-8E00-5DB9028D4F4E}.Release|x86.ActiveCfg = Release|Win32
		{88A8EAD0-8FB1-460F-8E00-5DB9028D4F4E}.Release|x86.Build.0 = Release|Win32
		{43EF1CC5-AD4B-4726-8BE0-A6B26D9FEFDE}.Debug|x64.ActiveCfg = Debug|x64
		{43EF1CC5-AD4B-4726-8BE0-A6B26D9FEFDE}.Debug|x64.Build.0 = Debug|x64
		{43EF1CC5-AD4B-4726-8BE0-A6B26D9FEFDE}.Debug|x86.ActiveCfg = Debug|Win32
		{43EF1CC5-AD4B-4726-8BE0-A6B26D9FEFDE}.Debug|x86.Build.0 = Debug|Win32
		{43EF1CC5-AD4B-4726-8BE0-A6B26D9FEFDE}.Release|x64.ActiveCfg = Release|x64
		{43EF1CC5-AD4B-4726-8BE0-A6B26D9FEFDE}.Release|x64.Build.0 = Release|x64
		{43EF1CC5-AD4B-4726-8BE0-A6B26D9FEFDE}.Release|x86.ActiveCfg = Release|Win32
		{43EF1CC5-AD4B-4726-8BE0-A6B26D9FEFDE}.Release|x86.Build.0 = Release|Win32
		{5FECA318-22AF-42E3-B92E-901EB975A02B}.Debug|x64.ActiveCfg = Debug|x64
		{5FECA318-22AF-42E3-B92E-901EB975A02B}.Debug|x64.Build.0 = Debug|x64
		{5FECA318-22AF-42E3-B92E-901EB975A02B}.Debug|x86.ActiveCfg = Debug|Win32
		{5FECA318-22AF-42E3-B92E-901EB975A02B}.Debug|x86.Build.0 = Debug|Win32
		{5FECA318-22AF-42E3-B92E-901EB975A02B}.Release|x64.ActiveCfg = Release|x64
		{5FECA318-22AF-42E3-B92E-901EB975A02B}.Release|x64.Build.0 = Release|x64
		{5FECA318-22AF-42E3-B92E-901EB975A02B}.Release|x86.ActiveCfg = Release|Win32
		{5FECA318-22AF-42E3-B92E-901EB975A02B}.Release|x86.Build.0 = Release|Win32
		{94A8C7FE-A400-4BAF-89DD-4B1615A6FA3E}.Debug|x64.ActiveCfg = Debug|x64
		{94A8C7FE-A400-4BAF-89DD-4B1615A6FA3E}.Debug|x64.Build.0 = Debug|x64
		{94A8C7FE-A400-4BAF-89DD-4B1615A6FA3E}.Debug|x86.ActiveCfg = Debug|Win32
		{94A8C7FE-A400-4BAF-89DD-4B1615A6FA3E}.Debug|x86.Build.0 = Debug|Win32
		{94A8C7FE-A400-4BAF-89DD-4B1615A6FA3E}.Release|x64.ActiveCfg = Release|x64
		{94A8C7FE-A400-4BAF-89DD-4B1615A6FA3E}.Release|x64.Build.0 = Release|x64
		{94A8C7FE-A400-4BAF-89DD-4B1615A6FA3E}.Release|x86.ActiveCfg = Release|Win32
		{94A8C7FE-A400-4BAF-89DD-4B1615A6FA3E}.Release|x86.Build.0 = Release|Win32
		{04746F90-A5FD-4E5A-8425-BC8C60E9FE50}.Debug|x64.ActiveCfg = Debug|x64
		{04746F90-A5FD-4E5A-8425-BC8C60E9FE50}.Debug|x64.Build.0 = Debug|x64
		{04746F90-A5FD-4E5A-8425-BC8C60E9FE50}.Debug|x86.ActiveCfg = Debug|Win32
		{04746F90-A5FD-4E5A-8425-BC8C60E9FE50}.Debug|x86.Build.0 = Debug|Win32
		{04746F90-A5FD-4E5A-8425-BC8C60E9FE50}.Release|x64.ActiveCfg = Release|x64
		{04746F90-A5FD-4E5A-8425-BC8C60E9FE50}.Release|x64.Build.0 = Release|x64
		{04746F90-A5FD-4E5A-8425-BC8C60E9FE50}.Release|x86.ActiveCfg = Release|Win32
		{04746F90-A5FD-4E5A-8425-BC8C60E9FE50}.Release|x86.Build.0 = Release|Win32
	EndGlobalSection
	GlobalSection(SolutionProperties) = preSolution
		HideSolutionNode = FALSE
	EndGlobalSection
EndGlobal
